// !$*UTF8*$!
{
	archiveVersion = 1;
	classes = {
	};
	objectVersion = 46;
	objects = {

/* Begin PBXBuildFile section */
		188DBB171B2149780066ECC3 /* AppDelegate.swift in Sources */ = {isa = PBXBuildFile; fileRef = 188DBB161B2149780066ECC3 /* AppDelegate.swift */; };
		188DBB191B2149780066ECC3 /* GameScene.sks in Resources */ = {isa = PBXBuildFile; fileRef = 188DBB181B2149780066ECC3 /* GameScene.sks */; };
		188DBB1B1B2149780066ECC3 /* GameScene.swift in Sources */ = {isa = PBXBuildFile; fileRef = 188DBB1A1B2149780066ECC3 /* GameScene.swift */; };
		188DBB1D1B2149780066ECC3 /* GameViewController.swift in Sources */ = {isa = PBXBuildFile; fileRef = 188DBB1C1B2149780066ECC3 /* GameViewController.swift */; };
		188DBB201B2149780066ECC3 /* Main.storyboard in Resources */ = {isa = PBXBuildFile; fileRef = 188DBB1E1B2149780066ECC3 /* Main.storyboard */; };
		188DBB221B2149780066ECC3 /* Images.xcassets in Resources */ = {isa = PBXBuildFile; fileRef = 188DBB211B2149780066ECC3 /* Images.xcassets */; };
		188DBB251B2149780066ECC3 /* LaunchScreen.xib in Resources */ = {isa = PBXBuildFile; fileRef = 188DBB231B2149780066ECC3 /* LaunchScreen.xib */; };
		188DBB311B2149790066ECC3 /* SwiftrisTests.swift in Sources */ = {isa = PBXBuildFile; fileRef = 188DBB301B2149790066ECC3 /* SwiftrisTests.swift */; };
/* End PBXBuildFile section */

/* Begin PBXContainerItemProxy section */
		188DBB2B1B2149780066ECC3 /* PBXContainerItemProxy */ = {
			isa = PBXContainerItemProxy;
			containerPortal = 188DBB091B2149780066ECC3 /* Project object */;
			proxyType = 1;
			remoteGlobalIDString = 188DBB101B2149780066ECC3;
			remoteInfo = Swiftris;
		};
/* End PBXContainerItemProxy section */

/* Begin PBXFileReference section */
		188DBB111B2149780066ECC3 /* Swiftris.app */ = {isa = PBXFileReference; explicitFileType = wrapper.application; includeInIndex = 0; path = Swiftris.app; sourceTree = BUILT_PRODUCTS_DIR; };
		188DBB151B2149780066ECC3 /* Info.plist */ = {isa = PBXFileReference; lastKnownFileType = text.plist.xml; path = Info.plist; sourceTree = "<group>"; };
		188DBB161B2149780066ECC3 /* AppDelegate.swift */ = {isa = PBXFileReference; lastKnownFileType = sourcecode.swift; path = AppDelegate.swift; sourceTree = "<group>"; };
		188DBB181B2149780066ECC3 /* GameScene.sks */ = {isa = PBXFileReference; lastKnownFileType = file.sks; path = GameScene.sks; sourceTree = "<group>"; };
		188DBB1A1B2149780066ECC3 /* GameScene.swift */ = {isa = PBXFileReference; lastKnownFileType = sourcecode.swift; path = GameScene.swift; sourceTree = "<group>"; };
		188DBB1C1B2149780066ECC3 /* GameViewController.swift */ = {isa = PBXFileReference; lastKnownFileType = sourcecode.swift; path = GameViewController.swift; sourceTree = "<group>"; };
		188DBB1F1B2149780066ECC3 /* Base */ = {isa = PBXFileReference; lastKnownFileType = file.storyboard; name = Base; path = Base.lproj/Main.storyboard; sourceTree = "<group>"; };
		188DBB211B2149780066ECC3 /* Images.xcassets */ = {isa = PBXFileReference; lastKnownFileType = folder.assetcatalog; path = Images.xcassets; sourceTree = "<group>"; };
		188DBB241B2149780066ECC3 /* Base */ = {isa = PBXFileReference; lastKnownFileType = file.xib; name = Base; path = Base.lproj/LaunchScreen.xib; sourceTree = "<group>"; };
		188DBB2A1B2149780066ECC3 /* SwiftrisTests.xctest */ = {isa = PBXFileReference; explicitFileType = wrapper.cfbundle; includeInIndex = 0; path = SwiftrisTests.xctest; sourceTree = BUILT_PRODUCTS_DIR; };
		188DBB2F1B2149790066ECC3 /* Info.plist */ = {isa = PBXFileReference; lastKnownFileType = text.plist.xml; path = Info.plist; sourceTree = "<group>"; };
		188DBB301B2149790066ECC3 /* SwiftrisTests.swift */ = {isa = PBXFileReference; lastKnownFileType = sourcecode.swift; path = SwiftrisTests.swift; sourceTree = "<group>"; };
/* End PBXFileReference section */

/* Begin PBXFrameworksBuildPhase section */
		188DBB0E1B2149780066ECC3 /* Frameworks */ = {
			isa = PBXFrameworksBuildPhase;
			buildActionMask = 2147483647;
			files = (
			);
			runOnlyForDeploymentPostprocessing = 0;
		};
		188DBB271B2149780066ECC3 /* Frameworks */ = {
			isa = PBXFrameworksBuildPhase;
			buildActionMask = 2147483647;
			files = (
			);
			runOnlyForDeploymentPostprocessing = 0;
		};
/* End PBXFrameworksBuildPhase section */

/* Begin PBXGroup section */
		188DBB081B2149780066ECC3 = {
			isa = PBXGroup;
			children = (
				188DBB131B2149780066ECC3 /* Swiftris */,
				188DBB2D1B2149790066ECC3 /* SwiftrisTests */,
				188DBB121B2149780066ECC3 /* Products */,
			);
			sourceTree = "<group>";
		};
		188DBB121B2149780066ECC3 /* Products */ = {
			isa = PBXGroup;
			children = (
				188DBB111B2149780066ECC3 /* Swiftris.app */,
				188DBB2A1B2149780066ECC3 /* SwiftrisTests.xctest */,
			);
			name = Products;
			sourceTree = "<group>";
		};
		188DBB131B2149780066ECC3 /* Swiftris */ = {
			isa = PBXGroup;
			children = (
				188DBB161B2149780066ECC3 /* AppDelegate.swift */,
				188DBB181B2149780066ECC3 /* GameScene.sks */,
				188DBB1A1B2149780066ECC3 /* GameScene.swift */,
				188DBB1C1B2149780066ECC3 /* GameViewController.swift */,
				188DBB1E1B2149780066ECC3 /* Main.storyboard */,
				188DBB211B2149780066ECC3 /* Images.xcassets */,
				188DBB231B2149780066ECC3 /* LaunchScreen.xib */,
				188DBB141B2149780066ECC3 /* Supporting Files */,
			);
			path = Swiftris;
			sourceTree = "<group>";
		};
		188DBB141B2149780066ECC3 /* Supporting Files */ = {
			isa = PBXGroup;
			children = (
				188DBB151B2149780066ECC3 /* Info.plist */,
			);
			name = "Supporting Files";
			sourceTree = "<group>";
		};
		188DBB2D1B2149790066ECC3 /* SwiftrisTests */ = {
			isa = PBXGroup;
			children = (
				188DBB301B2149790066ECC3 /* SwiftrisTests.swift */,
				188DBB2E1B2149790066ECC3 /* Supporting Files */,
			);
			path = SwiftrisTests;
			sourceTree = "<group>";
		};
		188DBB2E1B2149790066ECC3 /* Supporting Files */ = {
			isa = PBXGroup;
			children = (
				188DBB2F1B2149790066ECC3 /* Info.plist */,
			);
			name = "Supporting Files";
			sourceTree = "<group>";
		};
/* End PBXGroup section */

/* Begin PBXNativeTarget section */
		188DBB101B2149780066ECC3 /* Swiftris */ = {
			isa = PBXNativeTarget;
			buildConfigurationList = 188DBB341B2149790066ECC3 /* Build configuration list for PBXNativeTarget "Swiftris" */;
			buildPhases = (
				188DBB0D1B2149780066ECC3 /* Sources */,
				188DBB0E1B2149780066ECC3 /* Frameworks */,
				188DBB0F1B2149780066ECC3 /* Resources */,
			);
			buildRules = (
			);
			dependencies = (
			);
			name = Swiftris;
			productName = Swiftris;
			productReference = 188DBB111B2149780066ECC3 /* Swiftris.app */;
			productType = "com.apple.product-type.application";
		};
		188DBB291B2149780066ECC3 /* SwiftrisTests */ = {
			isa = PBXNativeTarget;
			buildConfigurationList = 188DBB371B2149790066ECC3 /* Build configuration list for PBXNativeTarget "SwiftrisTests" */;
			buildPhases = (
				188DBB261B2149780066ECC3 /* Sources */,
				188DBB271B2149780066ECC3 /* Frameworks */,
				188DBB281B2149780066ECC3 /* Resources */,
			);
			buildRules = (
			);
			dependencies = (
				188DBB2C1B2149780066ECC3 /* PBXTargetDependency */,
			);
			name = SwiftrisTests;
			productName = SwiftrisTests;
			productReference = 188DBB2A1B2149780066ECC3 /* SwiftrisTests.xctest */;
			productType = "com.apple.product-type.bundle.unit-test";
		};
/* End PBXNativeTarget section */

/* Begin PBXProject section */
		188DBB091B2149780066ECC3 /* Project object */ = {
			isa = PBXProject;
			attributes = {
				LastUpgradeCheck = 0610;
				ORGANIZATIONNAME = Bloc;
				TargetAttributes = {
					188DBB101B2149780066ECC3 = {
						CreatedOnToolsVersion = 6.1.1;
					};
					188DBB291B2149780066ECC3 = {
						CreatedOnToolsVersion = 6.1.1;
						TestTargetID = 188DBB101B2149780066ECC3;
					};
				};
			};
			buildConfigurationList = 188DBB0C1B2149780066ECC3 /* Build configuration list for PBXProject "Swiftris" */;
			compatibilityVersion = "Xcode 3.2";
			developmentRegion = English;
			hasScannedForEncodings = 0;
			knownRegions = (
				en,
				Base,
			);
			mainGroup = 188DBB081B2149780066ECC3;
			productRefGroup = 188DBB121B2149780066ECC3 /* Products */;
			projectDirPath = "";
			projectRoot = "";
			targets = (
				188DBB101B2149780066ECC3 /* Swiftris */,
				188DBB291B2149780066ECC3 /* SwiftrisTests */,
			);
		};
/* End PBXProject section */

/* Begin PBXResourcesBuildPhase section */
		188DBB0F1B2149780066ECC3 /* Resources */ = {
			isa = PBXResourcesBuildPhase;
			buildActionMask = 2147483647;
			files = (
				188DBB251B2149780066ECC3 /* LaunchScreen.xib in Resources */,
				188DBB221B2149780066ECC3 /* Images.xcassets in Resources */,
				188DBB191B2149780066ECC3 /* GameScene.sks in Resources */,
				188DBB201B2149780066ECC3 /* Main.storyboard in Resources */,
			);
			runOnlyForDeploymentPostprocessing = 0;
		};
		188DBB281B2149780066ECC3 /* Resources */ = {
			isa = PBXResourcesBuildPhase;
			buildActionMask = 2147483647;
			files = (
			);
			runOnlyForDeploymentPostprocessing = 0;
		};
/* End PBXResourcesBuildPhase section */

/* Begin PBXSourcesBuildPhase section */
		188DBB0D1B2149780066ECC3 /* Sources */ = {
			isa = PBXSourcesBuildPhase;
			buildActionMask = 2147483647;
			files = (
				188DBB1B1B2149780066ECC3 /* GameScene.swift in Sources */,
				188DBB1D1B2149780066ECC3 /* GameViewController.swift in Sources */,
				188DBB171B2149780066ECC3 /* AppDelegate.swift in Sources */,
			);
			runOnlyForDeploymentPostprocessing = 0;
		};
		188DBB261B2149780066ECC3 /* Sources */ = {
			isa = PBXSourcesBuildPhase;
			buildActionMask = 2147483647;
			files = (
				188DBB311B2149790066ECC3 /* SwiftrisTests.swift in Sources */,
			);
			runOnlyForDeploymentPostprocessing = 0;
		};
/* End PBXSourcesBuildPhase section */

/* Begin PBXTargetDependency section */
		188DBB2C1B2149780066ECC3 /* PBXTargetDependency */ = {
			isa = PBXTargetDependency;
			target = 188DBB101B2149780066ECC3 /* Swiftris */;
			targetProxy = 188DBB2B1B2149780066ECC3 /* PBXContainerItemProxy */;
		};
/* End PBXTargetDependency section */

/* Begin PBXVariantGroup section */
		188DBB1E1B2149780066ECC3 /* Main.storyboard */ = {
			isa = PBXVariantGroup;
			children = (
				188DBB1F1B2149780066ECC3 /* Base */,
			);
			name = Main.storyboard;
			sourceTree = "<group>";
		};
		188DBB231B2149780066ECC3 /* LaunchScreen.xib */ = {
			isa = PBXVariantGroup;
			children = (
				188DBB241B2149780066ECC3 /* Base */,
			);
			name = LaunchScreen.xib;
			sourceTree = "<group>";
		};
/* End PBXVariantGroup section */

/* Begin XCBuildConfiguration section */
		188DBB321B2149790066ECC3 /* Debug */ = {
			isa = XCBuildConfiguration;
			buildSettings = {
				ALWAYS_SEARCH_USER_PATHS = NO;
				CLANG_CXX_LANGUAGE_STANDARD = "gnu++0x";
				CLANG_CXX_LIBRARY = "libc++";
				CLANG_ENABLE_MODULES = YES;
				CLANG_ENABLE_OBJC_ARC = YES;
				CLANG_WARN_BOOL_CONVERSION = YES;
				CLANG_WARN_CONSTANT_CONVERSION = YES;
				CLANG_WARN_DIRECT_OBJC_ISA_USAGE = YES_ERROR;
				CLANG_WARN_EMPTY_BODY = YES;
				CLANG_WARN_ENUM_CONVERSION = YES;
				CLANG_WARN_INT_CONVERSION = YES;
				CLANG_WARN_OBJC_ROOT_CLASS = YES_ERROR;
				CLANG_WARN_UNREACHABLE_CODE = YES;
				CLANG_WARN__DUPLICATE_METHOD_MATCH = YES;
				"CODE_SIGN_IDENTITY[sdk=iphoneos*]" = "iPhone Developer";
				COPY_PHASE_STRIP = NO;
				ENABLE_STRICT_OBJC_MSGSEND = YES;
				GCC_C_LANGUAGE_STANDARD = gnu99;
				GCC_DYNAMIC_NO_PIC = NO;
				GCC_OPTIMIZATION_LEVEL = 0;
				GCC_PREPROCESSOR_DEFINITIONS = (
					"DEBUG=1",
					"$(inherited)",
				);
				GCC_SYMBOLS_PRIVATE_EXTERN = NO;
				GCC_WARN_64_TO_32_BIT_CONVERSION = YES;
				GCC_WARN_ABOUT_RETURN_TYPE = YES_ERROR;
				GCC_WARN_UNDECLARED_SELECTOR = YES;
				GCC_WARN_UNINITIALIZED_AUTOS = YES_AGGRESSIVE;
				GCC_WARN_UNUSED_FUNCTION = YES;
				GCC_WARN_UNUSED_VARIABLE = YES;
				IPHONEOS_DEPLOYMENT_TARGET = 8.1;
				MTL_ENABLE_DEBUG_INFO = YES;
				ONLY_ACTIVE_ARCH = YES;
				SDKROOT = iphoneos;
				SWIFT_OPTIMIZATION_LEVEL = "-Onone";
			};
			name = Debug;
		};
		188DBB331B2149790066ECC3 /* Release */ = {
			isa = XCBuildConfiguration;
			buildSettings = {
				ALWAYS_SEARCH_USER_PATHS = NO;
				CLANG_CXX_LANGUAGE_STANDARD = "gnu++0x";
				CLANG_CXX_LIBRARY = "libc++";
				CLANG_ENABLE_MODULES = YES;
				CLANG_ENABLE_OBJC_ARC = YES;
				CLANG_WARN_BOOL_CONVERSION = YES;
				CLANG_WARN_CONSTANT_CONVERSION = YES;
				CLANG_WARN_DIRECT_OBJC_ISA_USAGE = YES_ERROR;
				CLANG_WARN_EMPTY_BODY = YES;
				CLANG_WARN_ENUM_CONVERSION = YES;
				CLANG_WARN_INT_CONVERSION = YES;
				CLANG_WARN_OBJC_ROOT_CLASS = YES_ERROR;
				CLANG_WARN_UNREACHABLE_CODE = YES;
				CLANG_WARN__DUPLICATE_METHOD_MATCH = YES;
				"CODE_SIGN_IDENTITY[sdk=iphoneos*]" = "iPhone Developer";
				COPY_PHASE_STRIP = YES;
				ENABLE_NS_ASSERTIONS = NO;
				ENABLE_STRICT_OBJC_MSGSEND = YES;
				GCC_C_LANGUAGE_STANDARD = gnu99;
				GCC_WARN_64_TO_32_BIT_CONVERSION = YES;
				GCC_WARN_ABOUT_RETURN_TYPE = YES_ERROR;
				GCC_WARN_UNDECLARED_SELECTOR = YES;
				GCC_WARN_UNINITIALIZED_AUTOS = YES_AGGRESSIVE;
				GCC_WARN_UNUSED_FUNCTION = YES;
				GCC_WARN_UNUSED_VARIABLE = YES;
				IPHONEOS_DEPLOYMENT_TARGET = 8.1;
				MTL_ENABLE_DEBUG_INFO = NO;
				SDKROOT = iphoneos;
				VALIDATE_PRODUCT = YES;
			};
			name = Release;
		};
		188DBB351B2149790066ECC3 /* Debug */ = {
			isa = XCBuildConfiguration;
			buildSettings = {
				ASSETCATALOG_COMPILER_APPICON_NAME = AppIcon;
				INFOPLIST_FILE = Swiftris/Info.plist;
				LD_RUNPATH_SEARCH_PATHS = "$(inherited) @executable_path/Frameworks";
				PRODUCT_NAME = "$(TARGET_NAME)";
			};
			name = Debug;
		};
		188DBB361B2149790066ECC3 /* Release */ = {
			isa = XCBuildConfiguration;
			buildSettings = {
				ASSETCATALOG_COMPILER_APPICON_NAME = AppIcon;
				INFOPLIST_FILE = Swiftris/Info.plist;
				LD_RUNPATH_SEARCH_PATHS = "$(inherited) @executable_path/Frameworks";
				PRODUCT_NAME = "$(TARGET_NAME)";
			};
			name = Release;
		};
		188DBB381B2149790066ECC3 /* Debug */ = {
			isa = XCBuildConfiguration;
			buildSettings = {
				BUNDLE_LOADER = "$(TEST_HOST)";
				FRAMEWORK_SEARCH_PATHS = (
					"$(SDKROOT)/Developer/Library/Frameworks",
					"$(inherited)",
				);
				GCC_PREPROCESSOR_DEFINITIONS = (
					"DEBUG=1",
					"$(inherited)",
				);
				INFOPLIST_FILE = SwiftrisTests/Info.plist;
				LD_RUNPATH_SEARCH_PATHS = "$(inherited) @executable_path/Frameworks @loader_path/Frameworks";
				PRODUCT_NAME = "$(TARGET_NAME)";
				TEST_HOST = "$(BUILT_PRODUCTS_DIR)/Swiftris.app/Swiftris";
			};
			name = Debug;
		};
		188DBB391B2149790066ECC3 /* Release */ = {
			isa = XCBuildConfiguration;
			buildSettings = {
				BUNDLE_LOADER = "$(TEST_HOST)";
				FRAMEWORK_SEARCH_PATHS = (
					"$(SDKROOT)/Developer/Library/Frameworks",
					"$(inherited)",
				);
				INFOPLIST_FILE = SwiftrisTests/Info.plist;
				LD_RUNPATH_SEARCH_PATHS = "$(inherited) @executable_path/Frameworks @loader_path/Frameworks";
				PRODUCT_NAME = "$(TARGET_NAME)";
				TEST_HOST = "$(BUILT_PRODUCTS_DIR)/Swiftris.app/Swiftris";
			};
			name = Release;
		};
/* End XCBuildConfiguration section */

/* Begin XCConfigurationList section */
		188DBB0C1B2149780066ECC3 /* Build configuration list for PBXProject "Swiftris" */ = {
			isa = XCConfigurationList;
			buildConfigurations = (
				188DBB321B2149790066ECC3 /* Debug */,
				188DBB331B2149790066ECC3 /* Release */,
			);
			defaultConfigurationIsVisible = 0;
			defaultConfigurationName = Release;
		};
		188DBB341B2149790066ECC3 /* Build configuration list for PBXNativeTarget "Swiftris" */ = {
			isa = XCConfigurationList;
			buildConfigurations = (
				188DBB351B2149790066ECC3 /* Debug */,
				188DBB361B2149790066ECC3 /* Release */,
			);
			defaultConfigurationIsVisible = 0;
		};
		188DBB371B2149790066ECC3 /* Build configuration list for PBXNativeTarget "SwiftrisTests" */ = {
			isa = XCConfigurationList;
			buildConfigurations = (
				188DBB381B2149790066ECC3 /* Debug */,
				188DBB391B2149790066ECC3 /* Release */,
			);
			defaultConfigurationIsVisible = 0;
		};
/* End XCConfigurationList section */
	};
	rootObject = 188DBB091B2149780066ECC3 /* Project object */;
}
